{
  "name": "baseline-check",
  "version": "1.0.0",
  "lockfileVersion": 3,
  "requires": true,
  "packages": {
    "": {
      "name": "baseline-check",
      "version": "1.0.0",
      "license": "ISC",
      "dependencies": {
        "@mdn/browser-compat-data": "^7.1.7"
      }
    },
    "node_modules/@mdn/browser-compat-data": {
      "version": "7.1.7",
      "resolved": "https://registry.npmjs.org/@mdn/browser-compat-data/-/browser-compat-data-7.1.7.tgz",
      "integrity": "sha512-bpWZ7hidvjrwNWcMngZ8nTMTxn8WhnQntsGqEYgPr1vjy66kfwfDVizwXg6PvsgoANZ7nhuRBmvzjpCMk4ITDw==",
      "license": "CC0-1.0"
    }
  }
}
